
Microsoft Visual Studio Solution File, Format Version 12.00
# Visual Studio 2012
Project("{FAE04EC0-301F-11D3-BF4B-00C04F79EFBC}") = "MvcApplication1", "MvcApplication1\MvcApplication1.csproj", "{9548DA7E-EE01-4AC3-AD1D-9C1331625957}"
EndProject
Project("{FAE04EC0-301F-11D3-BF4B-00C04F79EFBC}") = "Web1", "Web1\Web1.csproj", "{B15FDA1D-4C05-409D-8869-60C3ED91EA01}"
EndProject
Global
	GlobalSection(SolutionConfigurationPlatforms) = preSolution
		Debug|Any CPU = Debug|Any CPU
		Release|Any CPU = Release|Any CPU
	EndGlobalSection
	GlobalSection(ProjectConfigurationPlatforms) = postSolution
		{9548DA7E-EE01-4AC3-AD1D-9C1331625957}.Debug|Any CPU.ActiveCfg = Debug|Any CPU
		{9548DA7E-EE01-4AC3-AD1D-9C1331625957}.Debug|Any CPU.Build.0 = Debug|Any CPU
		{9548DA7E-EE01-4AC3-AD1D-9C1331625957}.Release|Any CPU.ActiveCfg = Release|Any CPU
		{9548DA7E-EE01-4AC3-AD1D-9C1331625957}.Release|Any CPU.Build.0 = Release|Any CPU
		{B15FDA1D-4C05-409D-8869-60C3ED91EA01}.Debug|Any CPU.ActiveCfg = Debug|Any CPU
		{B15FDA1D-4C05-409D-8869-60C3ED91EA01}.Debug|Any CPU.Build.0 = Debug|Any CPU
		{B15FDA1D-4C05-409D-8869-60C3ED91EA01}.Release|Any CPU.ActiveCfg = Release|Any CPU
		{B15FDA1D-4C05-409D-8869-60C3ED91EA01}.Release|Any CPU.Build.0 = Release|Any CPU
	EndGlobalSection
	GlobalSection(SolutionProperties) = preSolution
		HideSolutionNode = FALSE
	EndGlobalSection
EndGlobal
